
Microsoft Visual Studio Solution File, Format Version 12.00
# Visual Studio Version 16
VisualStudioVersion = 16.0.29519.181
MinimumVisualStudioVersion = 10.0.40219.1
Project("{9A19103F-16F7-4668-BE54-9A1E7A4F7556}") = "EComm.Web", "EComm.Web\EComm.Web.csproj", "{48DE3DC4-25AD-4E5A-B2C9-93BB1E45DC41}"
EndProject
Project("{9A19103F-16F7-4668-BE54-9A1E7A4F7556}") = "EComm.Data", "EComm.Data\EComm.Data.csproj", "{723A5542-57C4-4009-B18F-B6450C3BAE99}"
EndProject
Project("{9A19103F-16F7-4668-BE54-9A1E7A4F7556}") = "EComm.Data.EF", "EComm.Data.EF\EComm.Data.EF.csproj", "{3DF5FBA4-0BE7-4C28-95BB-6352F7C2424A}"
EndProject
Project("{9A19103F-16F7-4668-BE54-9A1E7A4F7556}") = "EComm.Tests", "EComm.Tests\EComm.Tests.csproj", "{68E02CC5-65AF-4E69-8913-DACF961989F1}"
EndProject
Global
	GlobalSection(SolutionConfigurationPlatforms) = preSolution
		Debug|Any CPU = Debug|Any CPU
		Release|Any CPU = Release|Any CPU
	EndGlobalSection
	GlobalSection(ProjectConfigurationPlatforms) = postSolution
		{48DE3DC4-25AD-4E5A-B2C9-93BB1E45DC41}.Debug|Any CPU.ActiveCfg = Debug|Any CPU
		{48DE3DC4-25AD-4E5A-B2C9-93BB1E45DC41}.Debug|Any CPU.Build.0 = Debug|Any CPU
		{48DE3DC4-25AD-4E5A-B2C9-93BB1E45DC41}.Release|Any CPU.ActiveCfg = Release|Any CPU
		{48DE3DC4-25AD-4E5A-B2C9-93BB1E45DC41}.Release|Any CPU.Build.0 = Release|Any CPU
		{723A5542-57C4-4009-B18F-B6450C3BAE99}.Debug|Any CPU.ActiveCfg = Debug|Any CPU
		{723A5542-57C4-4009-B18F-B6450C3BAE99}.Debug|Any CPU.Build.0 = Debug|Any CPU
		{723A5542-57C4-4009-B18F-B6450C3BAE99}.Release|Any CPU.ActiveCfg = Release|Any CPU
		{723A5542-57C4-4009-B18F-B6450C3BAE99}.Release|Any CPU.Build.0 = Release|Any CPU
		{3DF5FBA4-0BE7-4C28-95BB-6352F7C2424A}.Debug|Any CPU.ActiveCfg = Debug|Any CPU
		{3DF5FBA4-0BE7-4C28-95BB-6352F7C2424A}.Debug|Any CPU.Build.0 = Debug|Any CPU
		{3DF5FBA4-0BE7-4C28-95BB-6352F7C2424A}.Release|Any CPU.ActiveCfg = Release|Any CPU
		{3DF5FBA4-0BE7-4C28-95BB-6352F7C2424A}.Release|Any CPU.Build.0 = Release|Any CPU
		{68E02CC5-65AF-4E69-8913-DACF961989F1}.Debug|Any CPU.ActiveCfg = Debug|Any CPU
		{68E02CC5-65AF-4E69-8913-DACF961989F1}.Debug|Any CPU.Build.0 = Debug|Any CPU
		{68E02CC5-65AF-4E69-8913-DACF961989F1}.Release|Any CPU.ActiveCfg = Release|Any CPU
		{68E02CC5-65AF-4E69-8913-DACF961989F1}.Release|Any CPU.Build.0 = Release|Any CPU
		{1EB57262-FDF7-475F-995E-992EA0A2E437}.Debug|Any CPU.ActiveCfg = Debug|Any CPU
		{1EB57262-FDF7-475F-995E-992EA0A2E437}.Debug|Any CPU.Build.0 = Debug|Any CPU
		{1EB57262-FDF7-475F-995E-992EA0A2E437}.Release|Any CPU.ActiveCfg = Release|Any CPU
		{1EB57262-FDF7-475F-995E-992EA0A2E437}.Release|Any CPU.Build.0 = Release|Any CPU
	EndGlobalSection
	GlobalSection(SolutionProperties) = preSolution
		HideSolutionNode = FALSE
	EndGlobalSection
	GlobalSection(ExtensibilityGlobals) = postSolution
		SolutionGuid = {AB127337-5571-4404-A2C0-59A5B0FAFA9D}
	EndGlobalSection
EndGlobal
